{"is_source_file": false, "format": "", "description": "", "external_files": [], "external_methods": [], "published": [], "classes": [], "methods": [], "calls": [], "search-terms": [], "state": 2, "file_id": 24, "knowledge_revision": 49, "git_revision": "84962fcbd3af335af48099598f3b4ec7d6f2841f", "filename": "/home/kavia/workspace/code-generation/adaptivelearn360-8264-8270/main_container_for_adaptivelearn360/post_process_status.lock", "hash": "e9b4c3b42cef0193b7fddb548d37e652", "format-version": 4, "code-base-name": "default", "revision_history": [{"49": "84962fcbd3af335af48099598f3b4ec7d6f2841f"}]}